
Microsoft Visual Studio Solution File, Format Version 12.00
# Visual Studio 15
VisualStudioVersion = 15.0.27130.2027
MinimumVisualStudioVersion = 10.0.40219.1
Project("{8BC9CEB8-8B4A-11D0-8D11-00A0C91BC942}") = "client", "client\client.vcxproj", "{B68CFC3F-EEE6-42C9-B825-5A0EAA2895AE}"
EndProject
Project("{8BC9CEB8-8B4A-11D0-8D11-00A0C91BC942}") = "server", "server\server.vcxproj", "{512FA1B2-7491-4F1A-9431-95595760A0B2}"
EndProject
Global
	GlobalSection(SolutionConfigurationPlatforms) = preSolution
		Debug|x64 = Debug|x64
		Debug|x86 = Debug|x86
		Release|x64 = Release|x64
		Release|x86 = Release|x86
	EndGlobalSection
	GlobalSection(ProjectConfigurationPlatforms) = postSolution
		{B68CFC3F-EEE6-42C9-B825-5A0EAA2895AE}.Debug|x64.ActiveCfg = Debug|x64
		{B68CFC3F-EEE6-42C9-B825-5A0EAA2895AE}.Debug|x64.Build.0 = Debug|x64
		{B68CFC3F-EEE6-42C9-B825-5A0EAA2895AE}.Debug|x86.ActiveCfg = Debug|Win32
		{B68CFC3F-EEE6-42C9-B825-5A0EAA2895AE}.Debug|x86.Build.0 = Debug|Win32
		{B68CFC3F-EEE6-42C9-B825-5A0EAA2895AE}.Release|x64.ActiveCfg = Release|x64
		{B68CFC3F-EEE6-42C9-B825-5A0EAA2895AE}.Release|x64.Build.0 = Release|x64
		{B68CFC3F-EEE6-42C9-B825-5A0EAA2895AE}.Release|x86.ActiveCfg = Release|Win32
		{B68CFC3F-EEE6-42C9-B825-5A0EAA2895AE}.Release|x86.Build.0 = Release|Win32
		{512FA1B2-7491-4F1A-9431-95595760A0B2}.Debug|x64.ActiveCfg = Debug|x64
		{512FA1B2-7491-4F1A-9431-95595760A0B2}.Debug|x64.Build.0 = Debug|x64
		{512FA1B2-7491-4F1A-9431-95595760A0B2}.Debug|x86.ActiveCfg = Debug|Win32
		{512FA1B2-7491-4F1A-9431-95595760A0B2}.Debug|x86.Build.0 = Debug|Win32
		{512FA1B2-7491-4F1A-9431-95595760A0B2}.Release|x64.ActiveCfg = Release|x64
		{512FA1B2-7491-4F1A-9431-95595760A0B2}.Release|x64.Build.0 = Release|x64
		{512FA1B2-7491-4F1A-9431-95595760A0B2}.Release|x86.ActiveCfg = Release|Win32
		{512FA1B2-7491-4F1A-9431-95595760A0B2}.Release|x86.Build.0 = Release|Win32
	EndGlobalSection
	GlobalSection(SolutionProperties) = preSolution
		HideSolutionNode = FALSE
	EndGlobalSection
	GlobalSection(ExtensibilityGlobals) = postSolution
		SolutionGuid = {BD12D854-1F81-48E9-BD92-680335A723F2}
	EndGlobalSection
EndGlobal
